
Microsoft Visual Studio Solution File, Format Version 12.00
# Visual Studio Version 17
VisualStudioVersion = 17.6.33712.159
MinimumVisualStudioVersion = 10.0.40219.1
Project("{9A19103F-16F7-4668-BE54-9A1E7A4F7556}") = "Timer", "Timer\Timer.csproj", "{19A67191-CAEC-4894-8648-FE4EB9568683}"
EndProject
Project("{9A19103F-16F7-4668-BE54-9A1E7A4F7556}") = "Menu", "Menu\Menu.csproj", "{69437392-B290-40E1-BE9E-C5D5141DEBD6}"
EndProject
Global
	GlobalSection(SolutionConfigurationPlatforms) = preSolution
		Debug|Any CPU = Debug|Any CPU
		Release|Any CPU = Release|Any CPU
	EndGlobalSection
	GlobalSection(ProjectConfigurationPlatforms) = postSolution
		{19A67191-CAEC-4894-8648-FE4EB9568683}.Debug|Any CPU.ActiveCfg = Debug|Any CPU
		{19A67191-CAEC-4894-8648-FE4EB9568683}.Debug|Any CPU.Build.0 = Debug|Any CPU
		{19A67191-CAEC-4894-8648-FE4EB9568683}.Release|Any CPU.ActiveCfg = Release|Any CPU
		{19A67191-CAEC-4894-8648-FE4EB9568683}.Release|Any CPU.Build.0 = Release|Any CPU
		{69437392-B290-40E1-BE9E-C5D5141DEBD6}.Debug|Any CPU.ActiveCfg = Debug|Any CPU
		{69437392-B290-40E1-BE9E-C5D5141DEBD6}.Debug|Any CPU.Build.0 = Debug|Any CPU
		{69437392-B290-40E1-BE9E-C5D5141DEBD6}.Release|Any CPU.ActiveCfg = Release|Any CPU
		{69437392-B290-40E1-BE9E-C5D5141DEBD6}.Release|Any CPU.Build.0 = Release|Any CPU
	EndGlobalSection
	GlobalSection(SolutionProperties) = preSolution
		HideSolutionNode = FALSE
	EndGlobalSection
	GlobalSection(ExtensibilityGlobals) = postSolution
		SolutionGuid = {0E5B3FA1-E1D7-438C-8134-3A10A27E6C6B}
	EndGlobalSection
EndGlobal
